
Microsoft Visual Studio Solution File, Format Version 12.00
# Visual Studio Version 17
VisualStudioVersion = 17.0.31903.59
MinimumVisualStudioVersion = 10.0.40219.1
Project("{2150E333-8FDC-42A3-9474-1A3956D46DE8}") = "src", "src", "{827E0CD3-B72D-47B6-A68D-7590B98EB39B}"
EndProject
Project("{FAE04EC0-301F-11D3-BF4B-00C04F79EFBC}") = "FunBooksAndVideos.Api", "src\FunBooksAndVideos.Api\FunBooksAndVideos.Api.csproj", "{065DA805-04FB-431C-BD2B-2A1715365D40}"
EndProject
Project("{FAE04EC0-301F-11D3-BF4B-00C04F79EFBC}") = "FunBooksAndVideos.Application", "src\FunBooksAndVideos.Application\FunBooksAndVideos.Application.csproj", "{B1DAC1BA-1C83-4219-BD67-305830867ABE}"
EndProject
Project("{FAE04EC0-301F-11D3-BF4B-00C04F79EFBC}") = "FunBooksAndVideos.Domain", "src\FunBooksAndVideos.Domain\FunBooksAndVideos.Domain.csproj", "{55DEE3A0-EBA1-4CDB-A465-37475AE8F1F0}"
EndProject
Project("{FAE04EC0-301F-11D3-BF4B-00C04F79EFBC}") = "FunBooksAndVideos.Infrastructure", "src\FunBooksAndVideos.Infrastructure\FunBooksAndVideos.Infrastructure.csproj", "{E9976171-54EE-45E4-889E-76DDFD806591}"
EndProject
Project("{2150E333-8FDC-42A3-9474-1A3956D46DE8}") = "tests", "tests", "{0AB3BF05-4346-4AA6-1389-037BE0695223}"
EndProject
Project("{FAE04EC0-301F-11D3-BF4B-00C04F79EFBC}") = "FunBooksAndVideos.Tests", "tests\FunBooksAndVideos.Tests\FunBooksAndVideos.Tests.csproj", "{3057EAA1-5892-40B9-AA94-BBDD8B5AE472}"
EndProject
Global
	GlobalSection(SolutionConfigurationPlatforms) = preSolution
		Debug|Any CPU = Debug|Any CPU
		Debug|x64 = Debug|x64
		Debug|x86 = Debug|x86
		Release|Any CPU = Release|Any CPU
		Release|x64 = Release|x64
		Release|x86 = Release|x86
	EndGlobalSection
	GlobalSection(ProjectConfigurationPlatforms) = postSolution
		{065DA805-04FB-431C-BD2B-2A1715365D40}.Debug|Any CPU.ActiveCfg = Debug|Any CPU
		{065DA805-04FB-431C-BD2B-2A1715365D40}.Debug|Any CPU.Build.0 = Debug|Any CPU
		{065DA805-04FB-431C-BD2B-2A1715365D40}.Debug|x64.ActiveCfg = Debug|Any CPU
		{065DA805-04FB-431C-BD2B-2A1715365D40}.Debug|x64.Build.0 = Debug|Any CPU
		{065DA805-04FB-431C-BD2B-2A1715365D40}.Debug|x86.ActiveCfg = Debug|Any CPU
		{065DA805-04FB-431C-BD2B-2A1715365D40}.Debug|x86.Build.0 = Debug|Any CPU
		{065DA805-04FB-431C-BD2B-2A1715365D40}.Release|Any CPU.ActiveCfg = Release|Any CPU
		{065DA805-04FB-431C-BD2B-2A1715365D40}.Release|Any CPU.Build.0 = Release|Any CPU
		{065DA805-04FB-431C-BD2B-2A1715365D40}.Release|x64.ActiveCfg = Release|Any CPU
		{065DA805-04FB-431C-BD2B-2A1715365D40}.Release|x64.Build.0 = Release|Any CPU
		{065DA805-04FB-431C-BD2B-2A1715365D40}.Release|x86.ActiveCfg = Release|Any CPU
		{065DA805-04FB-431C-BD2B-2A1715365D40}.Release|x86.Build.0 = Release|Any CPU
		{B1DAC1BA-1C83-4219-BD67-305830867ABE}.Debug|Any CPU.ActiveCfg = Debug|Any CPU
		{B1DAC1BA-1C83-4219-BD67-305830867ABE}.Debug|Any CPU.Build.0 = Debug|Any CPU
		{B1DAC1BA-1C83-4219-BD67-305830867ABE}.Debug|x64.ActiveCfg = Debug|Any CPU
		{B1DAC1BA-1C83-4219-BD67-305830867ABE}.Debug|x64.Build.0 = Debug|Any CPU
		{B1DAC1BA-1C83-4219-BD67-305830867ABE}.Debug|x86.ActiveCfg = Debug|Any CPU
		{B1DAC1BA-1C83-4219-BD67-305830867ABE}.Debug|x86.Build.0 = Debug|Any CPU
		{B1DAC1BA-1C83-4219-BD67-305830867ABE}.Release|Any CPU.ActiveCfg = Release|Any CPU
		{B1DAC1BA-1C83-4219-BD67-305830867ABE}.Release|Any CPU.Build.0 = Release|Any CPU
		{B1DAC1BA-1C83-4219-BD67-305830867ABE}.Release|x64.ActiveCfg = Release|Any CPU
		{B1DAC1BA-1C83-4219-BD67-305830867ABE}.Release|x64.Build.0 = Release|Any CPU
		{B1DAC1BA-1C83-4219-BD67-305830867ABE}.Release|x86.ActiveCfg = Release|Any CPU
		{B1DAC1BA-1C83-4219-BD67-305830867ABE}.Release|x86.Build.0 = Release|Any CPU
		{55DEE3A0-EBA1-4CDB-A465-37475AE8F1F0}.Debug|Any CPU.ActiveCfg = Debug|Any CPU
		{55DEE3A0-EBA1-4CDB-A465-37475AE8F1F0}.Debug|Any CPU.Build.0 = Debug|Any CPU
		{55DEE3A0-EBA1-4CDB-A465-37475AE8F1F0}.Debug|x64.ActiveCfg = Debug|Any CPU
		{55DEE3A0-EBA1-4CDB-A465-37475AE8F1F0}.Debug|x64.Build.0 = Debug|Any CPU
		{55DEE3A0-EBA1-4CDB-A465-37475AE8F1F0}.Debug|x86.ActiveCfg = Debug|Any CPU
		{55DEE3A0-EBA1-4CDB-A465-37475AE8F1F0}.Debug|x86.Build.0 = Debug|Any CPU
		{55DEE3A0-EBA1-4CDB-A465-37475AE8F1F0}.Release|Any CPU.ActiveCfg = Release|Any CPU
		{55DEE3A0-EBA1-4CDB-A465-37475AE8F1F0}.Release|Any CPU.Build.0 = Release|Any CPU
		{55DEE3A0-EBA1-4CDB-A465-37475AE8F1F0}.Release|x64.ActiveCfg = Release|Any CPU
		{55DEE3A0-EBA1-4CDB-A465-37475AE8F1F0}.Release|x64.Build.0 = Release|Any CPU
		{55DEE3A0-EBA1-4CDB-A465-37475AE8F1F0}.Release|x86.ActiveCfg = Release|Any CPU
		{55DEE3A0-EBA1-4CDB-A465-37475AE8F1F0}.Release|x86.Build.0 = Release|Any CPU
		{E9976171-54EE-45E4-889E-76DDFD806591}.Debug|Any CPU.ActiveCfg = Debug|Any CPU
		{E9976171-54EE-45E4-889E-76DDFD806591}.Debug|Any CPU.Build.0 = Debug|Any CPU
		{E9976171-54EE-45E4-889E-76DDFD806591}.Debug|x64.ActiveCfg = Debug|Any CPU
		{E9976171-54EE-45E4-889E-76DDFD806591}.Debug|x64.Build.0 = Debug|Any CPU
		{E9976171-54EE-45E4-889E-76DDFD806591}.Debug|x86.ActiveCfg = Debug|Any CPU
		{E9976171-54EE-45E4-889E-76DDFD806591}.Debug|x86.Build.0 = Debug|Any CPU
		{E9976171-54EE-45E4-889E-76DDFD806591}.Release|Any CPU.ActiveCfg = Release|Any CPU
		{E9976171-54EE-45E4-889E-76DDFD806591}.Release|Any CPU.Build.0 = Release|Any CPU
		{E9976171-54EE-45E4-889E-76DDFD806591}.Release|x64.ActiveCfg = Release|Any CPU
		{E9976171-54EE-45E4-889E-76DDFD806591}.Release|x64.Build.0 = Release|Any CPU
		{E9976171-54EE-45E4-889E-76DDFD806591}.Release|x86.ActiveCfg = Release|Any CPU
		{E9976171-54EE-45E4-889E-76DDFD806591}.Release|x86.Build.0 = Release|Any CPU
		{3057EAA1-5892-40B9-AA94-BBDD8B5AE472}.Debug|Any CPU.ActiveCfg = Debug|Any CPU
		{3057EAA1-5892-40B9-AA94-BBDD8B5AE472}.Debug|Any CPU.Build.0 = Debug|Any CPU
		{3057EAA1-5892-40B9-AA94-BBDD8B5AE472}.Debug|x64.ActiveCfg = Debug|Any CPU
		{3057EAA1-5892-40B9-AA94-BBDD8B5AE472}.Debug|x64.Build.0 = Debug|Any CPU
		{3057EAA1-5892-40B9-AA94-BBDD8B5AE472}.Debug|x86.ActiveCfg = Debug|Any CPU
		{3057EAA1-5892-40B9-AA94-BBDD8B5AE472}.Debug|x86.Build.0 = Debug|Any CPU
		{3057EAA1-5892-40B9-AA94-BBDD8B5AE472}.Release|Any CPU.ActiveCfg = Release|Any CPU
		{3057EAA1-5892-40B9-AA94-BBDD8B5AE472}.Release|Any CPU.Build.0 = Release|Any CPU
		{3057EAA1-5892-40B9-AA94-BBDD8B5AE472}.Release|x64.ActiveCfg = Release|Any CPU
		{3057EAA1-5892-40B9-AA94-BBDD8B5AE472}.Release|x64.Build.0 = Release|Any CPU
		{3057EAA1-5892-40B9-AA94-BBDD8B5AE472}.Release|x86.ActiveCfg = Release|Any CPU
		{3057EAA1-5892-40B9-AA94-BBDD8B5AE472}.Release|x86.Build.0 = Release|Any CPU
	EndGlobalSection
	GlobalSection(SolutionProperties) = preSolution
		HideSolutionNode = FALSE
	EndGlobalSection
	GlobalSection(NestedProjects) = preSolution
		{065DA805-04FB-431C-BD2B-2A1715365D40} = {827E0CD3-B72D-47B6-A68D-7590B98EB39B}
		{B1DAC1BA-1C83-4219-BD67-305830867ABE} = {827E0CD3-B72D-47B6-A68D-7590B98EB39B}
		{55DEE3A0-EBA1-4CDB-A465-37475AE8F1F0} = {827E0CD3-B72D-47B6-A68D-7590B98EB39B}
		{E9976171-54EE-45E4-889E-76DDFD806591} = {827E0CD3-B72D-47B6-A68D-7590B98EB39B}
		{3057EAA1-5892-40B9-AA94-BBDD8B5AE472} = {0AB3BF05-4346-4AA6-1389-037BE0695223}
	EndGlobalSection
EndGlobal
